// !$*UTF8*$!
{
	archiveVersion = 1;
	classes = {
	};
	objectVersion = 55;
	objects = {

/* Begin PBXBuildFile section */
		59164E3628D9647A005BED76 /* WelcomeView.swift in Sources */ = {isa = PBXBuildFile; fileRef = 59164E3528D9647A005BED76 /* WelcomeView.swift */; };
		593E880928DC432E006FE818 /* BottomTextView.swift in Sources */ = {isa = PBXBuildFile; fileRef = 593E880828DC432E006FE818 /* BottomTextView.swift */; };
		593FD40C28E0077D00C92883 /* GameViewModel.swift in Sources */ = {isa = PBXBuildFile; fileRef = 593FD40B28E0077D00C92883 /* GameViewModel.swift */; };
		593FD40E28E00B7E00C92883 /* QuestionView.swift in Sources */ = {isa = PBXBuildFile; fileRef = 593FD40D28E00B7E00C92883 /* QuestionView.swift */; };
		5941BF66287A9397006643B1 /* Code_History_101App.swift in Sources */ = {isa = PBXBuildFile; fileRef = 5941BF65287A9397006643B1 /* Code_History_101App.swift */; };
		5941BF68287A9397006643B1 /* GameView.swift in Sources */ = {isa = PBXBuildFile; fileRef = 5941BF67287A9397006643B1 /* GameView.swift */; };
		5941BF6A287A939A006643B1 /* Assets.xcassets in Resources */ = {isa = PBXBuildFile; fileRef = 5941BF69287A939A006643B1 /* Assets.xcassets */; };
		5941BF6D287A939A006643B1 /* Preview Assets.xcassets in Resources */ = {isa = PBXBuildFile; fileRef = 5941BF6C287A939A006643B1 /* Preview Assets.xcassets */; };
		59728BFE28E5927B0089B62B /* ScoreView.swift in Sources */ = {isa = PBXBuildFile; fileRef = 59728BFD28E5927B0089B62B /* ScoreView.swift */; };
		597C644228C6E15900524B20 /* Game.swift in Sources */ = {isa = PBXBuildFile; fileRef = 597C644128C6E15900524B20 /* Game.swift */; };
		5984768028DB1B1E0010B628 /* GameColor.swift in Sources */ = {isa = PBXBuildFile; fileRef = 5984767F28DB1B1E0010B628 /* GameColor.swift */; };
		598EE0A528E68D2600EE29FF /* ScoreViewModel.swift in Sources */ = {isa = PBXBuildFile; fileRef = 598EE0A428E68D2600EE29FF /* ScoreViewModel.swift */; };
		59D559FB28A479F800846348 /* Question.swift in Sources */ = {isa = PBXBuildFile; fileRef = 59D559FA28A479F800846348 /* Question.swift */; };
		59D559FD28A47CA900846348 /* ChoiceTextView.swift in Sources */ = {isa = PBXBuildFile; fileRef = 59D559FC28A47CA900846348 /* ChoiceTextView.swift */; };
/* End PBXBuildFile section */

/* Begin PBXFileReference section */
		59164E3528D9647A005BED76 /* WelcomeView.swift */ = {isa = PBXFileReference; lastKnownFileType = sourcecode.swift; path = WelcomeView.swift; sourceTree = "<group>"; };
		593E880828DC432E006FE818 /* BottomTextView.swift */ = {isa = PBXFileReference; lastKnownFileType = sourcecode.swift; path = BottomTextView.swift; sourceTree = "<group>"; };
		593FD40B28E0077D00C92883 /* GameViewModel.swift */ = {isa = PBXFileReference; lastKnownFileType = sourcecode.swift; path = GameViewModel.swift; sourceTree = "<group>"; };
		593FD40D28E00B7E00C92883 /* QuestionView.swift */ = {isa = PBXFileReference; lastKnownFileType = sourcecode.swift; path = QuestionView.swift; sourceTree = "<group>"; };
		5941BF62287A9397006643B1 /* Code History 101.app */ = {isa = PBXFileReference; explicitFileType = wrapper.application; includeInIndex = 0; path = "Code History 101.app"; sourceTree = BUILT_PRODUCTS_DIR; };
		5941BF65287A9397006643B1 /* Code_History_101App.swift */ = {isa = PBXFileReference; lastKnownFileType = sourcecode.swift; path = Code_History_101App.swift; sourceTree = "<group>"; };
		5941BF67287A9397006643B1 /* GameView.swift */ = {isa = PBXFileReference; lastKnownFileType = sourcecode.swift; path = GameView.swift; sourceTree = "<group>"; };
		5941BF69287A939A006643B1 /* Assets.xcassets */ = {isa = PBXFileReference; lastKnownFileType = folder.assetcatalog; path = Assets.xcassets; sourceTree = "<group>"; };
		5941BF6C287A939A006643B1 /* Preview Assets.xcassets */ = {isa = PBXFileReference; lastKnownFileType = folder.assetcatalog; path = "Preview Assets.xcassets"; sourceTree = "<group>"; };
		59728BFD28E5927B0089B62B /* ScoreView.swift */ = {isa = PBXFileReference; lastKnownFileType = sourcecode.swift; path = ScoreView.swift; sourceTree = "<group>"; };
		597C644128C6E15900524B20 /* Game.swift */ = {isa = PBXFileReference; lastKnownFileType = sourcecode.swift; path = Game.swift; sourceTree = "<group>"; };
		5984767F28DB1B1E0010B628 /* GameColor.swift */ = {isa = PBXFileReference; lastKnownFileType = sourcecode.swift; path = GameColor.swift; sourceTree = "<group>"; };
		598EE0A428E68D2600EE29FF /* ScoreViewModel.swift */ = {isa = PBXFileReference; lastKnownFileType = sourcecode.swift; path = ScoreViewModel.swift; sourceTree = "<group>"; };
		59D559FA28A479F800846348 /* Question.swift */ = {isa = PBXFileReference; lastKnownFileType = sourcecode.swift; path = Question.swift; sourceTree = "<group>"; };
		59D559FC28A47CA900846348 /* ChoiceTextView.swift */ = {isa = PBXFileReference; lastKnownFileType = sourcecode.swift; path = ChoiceTextView.swift; sourceTree = "<group>"; };
/* End PBXFileReference section */

/* Begin PBXFrameworksBuildPhase section */
		5941BF5F287A9397006643B1 /* Frameworks */ = {
			isa = PBXFrameworksBuildPhase;
			buildActionMask = 2147483647;
			files = (
			);
			runOnlyForDeploymentPostprocessing = 0;
		};
/* End PBXFrameworksBuildPhase section */

/* Begin PBXGroup section */
		593FD40A28E0075600C92883 /* ViewModel */ = {
			isa = PBXGroup;
			children = (
				593FD40B28E0077D00C92883 /* GameViewModel.swift */,
				598EE0A428E68D2600EE29FF /* ScoreViewModel.swift */,
			);
			path = ViewModel;
			sourceTree = "<group>";
		};
		5941BF59287A9397006643B1 = {
			isa = PBXGroup;
			children = (
				5941BF64287A9397006643B1 /* Code History 101 */,
				5941BF63287A9397006643B1 /* Products */,
			);
			sourceTree = "<group>";
		};
		5941BF63287A9397006643B1 /* Products */ = {
			isa = PBXGroup;
			children = (
				5941BF62287A9397006643B1 /* Code History 101.app */,
			);
			name = Products;
			sourceTree = "<group>";
		};
		5941BF64287A9397006643B1 /* Code History 101 */ = {
			isa = PBXGroup;
			children = (
				597C644528C6E1F500524B20 /* Models */,
				597C644428C6E1CA00524B20 /* Views */,
				593FD40A28E0075600C92883 /* ViewModel */,
				5941BF65287A9397006643B1 /* Code_History_101App.swift */,
				5941BF69287A939A006643B1 /* Assets.xcassets */,
				5941BF6B287A939A006643B1 /* Preview Content */,
			);
			path = "Code History 101";
			sourceTree = "<group>";
		};
		5941BF6B287A939A006643B1 /* Preview Content */ = {
			isa = PBXGroup;
			children = (
				5941BF6C287A939A006643B1 /* Preview Assets.xcassets */,
			);
			path = "Preview Content";
			sourceTree = "<group>";
		};
		597C644428C6E1CA00524B20 /* Views */ = {
			isa = PBXGroup;
			children = (
				59D559FC28A47CA900846348 /* ChoiceTextView.swift */,
				5941BF67287A9397006643B1 /* GameView.swift */,
				59164E3528D9647A005BED76 /* WelcomeView.swift */,
				5984767F28DB1B1E0010B628 /* GameColor.swift */,
				593E880828DC432E006FE818 /* BottomTextView.swift */,
				593FD40D28E00B7E00C92883 /* QuestionView.swift */,
				59728BFD28E5927B0089B62B /* ScoreView.swift */,
			);
			path = Views;
			sourceTree = "<group>";
		};
		597C644528C6E1F500524B20 /* Models */ = {
			isa = PBXGroup;
			children = (
				597C644128C6E15900524B20 /* Game.swift */,
				59D559FA28A479F800846348 /* Question.swift */,
			);
			path = Models;
			sourceTree = "<group>";
		};
/* End PBXGroup section */

/* Begin PBXNativeTarget section */
		5941BF61287A9397006643B1 /* Code History 101 */ = {
			isa = PBXNativeTarget;
			buildConfigurationList = 5941BF70287A939A006643B1 /* Build configuration list for PBXNativeTarget "Code History 101" */;
			buildPhases = (
				5941BF5E287A9397006643B1 /* Sources */,
				5941BF5F287A9397006643B1 /* Frameworks */,
				5941BF60287A9397006643B1 /* Resources */,
			);
			buildRules = (
			);
			dependencies = (
			);
			name = "Code History 101";
			productName = "Code History 101";
			productReference = 5941BF62287A9397006643B1 /* Code History 101.app */;
			productType = "com.apple.product-type.application";
		};
/* End PBXNativeTarget section */

/* Begin PBXProject section */
		5941BF5A287A9397006643B1 /* Project object */ = {
			isa = PBXProject;
			attributes = {
				BuildIndependentTargetsInParallel = 1;
				LastSwiftUpdateCheck = 1340;
				LastUpgradeCheck = 1340;
				TargetAttributes = {
					5941BF61287A9397006643B1 = {
						CreatedOnToolsVersion = 13.4;
					};
				};
			};
			buildConfigurationList = 5941BF5D287A9397006643B1 /* Build configuration list for PBXProject "Code History 101" */;
			compatibilityVersion = "Xcode 13.0";
			developmentRegion = en;
			hasScannedForEncodings = 0;
			knownRegions = (
				en,
				Base,
			);
			mainGroup = 5941BF59287A9397006643B1;
			productRefGroup = 5941BF63287A9397006643B1 /* Products */;
			projectDirPath = "";
			projectRoot = "";
			targets = (
				5941BF61287A9397006643B1 /* Code History 101 */,
			);
		};
/* End PBXProject section */

/* Begin PBXResourcesBuildPhase section */
		5941BF60287A9397006643B1 /* Resources */ = {
			isa = PBXResourcesBuildPhase;
			buildActionMask = 2147483647;
			files = (
				5941BF6D287A939A006643B1 /* Preview Assets.xcassets in Resources */,
				5941BF6A287A939A006643B1 /* Assets.xcassets in Resources */,
			);
			runOnlyForDeploymentPostprocessing = 0;
		};
/* End PBXResourcesBuildPhase section */

/* Begin PBXSourcesBuildPhase section */
		5941BF5E287A9397006643B1 /* Sources */ = {
			isa = PBXSourcesBuildPhase;
			buildActionMask = 2147483647;
			files = (
				593FD40E28E00B7E00C92883 /* QuestionView.swift in Sources */,
				593FD40C28E0077D00C92883 /* GameViewModel.swift in Sources */,
				59D559FB28A479F800846348 /* Question.swift in Sources */,
				598EE0A528E68D2600EE29FF /* ScoreViewModel.swift in Sources */,
				59164E3628D9647A005BED76 /* WelcomeView.swift in Sources */,
				597C644228C6E15900524B20 /* Game.swift in Sources */,
				5941BF68287A9397006643B1 /* GameView.swift in Sources */,
				593E880928DC432E006FE818 /* BottomTextView.swift in Sources */,
				59728BFE28E5927B0089B62B /* ScoreView.swift in Sources */,
				5984768028DB1B1E0010B628 /* GameColor.swift in Sources */,
				59D559FD28A47CA900846348 /* ChoiceTextView.swift in Sources */,
				5941BF66287A9397006643B1 /* Code_History_101App.swift in Sources */,
			);
			runOnlyForDeploymentPostprocessing = 0;
		};
/* End PBXSourcesBuildPhase section */

/* Begin XCBuildConfiguration section */
		5941BF6E287A939A006643B1 /* Debug */ = {
			isa = XCBuildConfiguration;
			buildSettings = {
				ALWAYS_SEARCH_USER_PATHS = NO;
				CLANG_ANALYZER_NONNULL = YES;
				CLANG_ANALYZER_NUMBER_OBJECT_CONVERSION = YES_AGGRESSIVE;
				CLANG_CXX_LANGUAGE_STANDARD = "gnu++17";
				CLANG_ENABLE_MODULES = YES;
				CLANG_ENABLE_OBJC_ARC = YES;
				CLANG_ENABLE_OBJC_WEAK = YES;
				CLANG_WARN_BLOCK_CAPTURE_AUTORELEASING = YES;
				CLANG_WARN_BOOL_CONVERSION = YES;
				CLANG_WARN_COMMA = YES;
				CLANG_WARN_CONSTANT_CONVERSION = YES;
				CLANG_WARN_DEPRECATED_OBJC_IMPLEMENTATIONS = YES;
				CLANG_WARN_DIRECT_OBJC_ISA_USAGE = YES_ERROR;
				CLANG_WARN_DOCUMENTATION_COMMENTS = YES;
				CLANG_WARN_EMPTY_BODY = YES;
				CLANG_WARN_ENUM_CONVERSION = YES;
				CLANG_WARN_INFINITE_RECURSION = YES;
				CLANG_WARN_INT_CONVERSION = YES;
				CLANG_WARN_NON_LITERAL_NULL_CONVERSION = YES;
				CLANG_WARN_OBJC_IMPLICIT_RETAIN_SELF = YES;
				CLANG_WARN_OBJC_LITERAL_CONVERSION = YES;
				CLANG_WARN_OBJC_ROOT_CLASS = YES_ERROR;
				CLANG_WARN_QUOTED_INCLUDE_IN_FRAMEWORK_HEADER = YES;
				CLANG_WARN_RANGE_LOOP_ANALYSIS = YES;
				CLANG_WARN_STRICT_PROTOTYPES = YES;
				CLANG_WARN_SUSPICIOUS_MOVE = YES;
				CLANG_WARN_UNGUARDED_AVAILABILITY = YES_AGGRESSIVE;
				CLANG_WARN_UNREACHABLE_CODE = YES;
				CLANG_WARN__DUPLICATE_METHOD_MATCH = YES;
				COPY_PHASE_STRIP = NO;
				DEBUG_INFORMATION_FORMAT = dwarf;
				ENABLE_STRICT_OBJC_MSGSEND = YES;
				ENABLE_TESTABILITY = YES;
				GCC_C_LANGUAGE_STANDARD = gnu11;
				GCC_DYNAMIC_NO_PIC = NO;
				GCC_NO_COMMON_BLOCKS = YES;
				GCC_OPTIMIZATION_LEVEL = 0;
				GCC_PREPROCESSOR_DEFINITIONS = (
					"DEBUG=1",
					"$(inherited)",
				);
				GCC_WARN_64_TO_32_BIT_CONVERSION = YES;
				GCC_WARN_ABOUT_RETURN_TYPE = YES_ERROR;
				GCC_WARN_UNDECLARED_SELECTOR = YES;
				GCC_WARN_UNINITIALIZED_AUTOS = YES_AGGRESSIVE;
				GCC_WARN_UNUSED_FUNCTION = YES;
				GCC_WARN_UNUSED_VARIABLE = YES;
				IPHONEOS_DEPLOYMENT_TARGET = 15.5;
				MTL_ENABLE_DEBUG_INFO = INCLUDE_SOURCE;
				MTL_FAST_MATH = YES;
				ONLY_ACTIVE_ARCH = YES;
				SDKROOT = iphoneos;
				SWIFT_ACTIVE_COMPILATION_CONDITIONS = DEBUG;
				SWIFT_OPTIMIZATION_LEVEL = "-Onone";
			};
			name = Debug;
		};
		5941BF6F287A939A006643B1 /* Release */ = {
			isa = XCBuildConfiguration;
			buildSettings = {
				ALWAYS_SEARCH_USER_PATHS = NO;
				CLANG_ANALYZER_NONNULL = YES;
				CLANG_ANALYZER_NUMBER_OBJECT_CONVERSION = YES_AGGRESSIVE;
				CLANG_CXX_LANGUAGE_STANDARD = "gnu++17";
				CLANG_ENABLE_MODULES = YES;
				CLANG_ENABLE_OBJC_ARC = YES;
				CLANG_ENABLE_OBJC_WEAK = YES;
				CLANG_WARN_BLOCK_CAPTURE_AUTORELEASING = YES;
				CLANG_WARN_BOOL_CONVERSION = YES;
				CLANG_WARN_COMMA = YES;
				CLANG_WARN_CONSTANT_CONVERSION = YES;
				CLANG_WARN_DEPRECATED_OBJC_IMPLEMENTATIONS = YES;
				CLANG_WARN_DIRECT_OBJC_ISA_USAGE = YES_ERROR;
				CLANG_WARN_DOCUMENTATION_COMMENTS = YES;
				CLANG_WARN_EMPTY_BODY = YES;
				CLANG_WARN_ENUM_CONVERSION = YES;
				CLANG_WARN_INFINITE_RECURSION = YES;
				CLANG_WARN_INT_CONVERSION = YES;
				CLANG_WARN_NON_LITERAL_NULL_CONVERSION = YES;
				CLANG_WARN_OBJC_IMPLICIT_RETAIN_SELF = YES;
				CLANG_WARN_OBJC_LITERAL_CONVERSION = YES;
				CLANG_WARN_OBJC_ROOT_CLASS = YES_ERROR;
				CLANG_WARN_QUOTED_INCLUDE_IN_FRAMEWORK_HEADER = YES;
				CLANG_WARN_RANGE_LOOP_ANALYSIS = YES;
				CLANG_WARN_STRICT_PROTOTYPES = YES;
				CLANG_WARN_SUSPICIOUS_MOVE = YES;
				CLANG_WARN_UNGUARDED_AVAILABILITY = YES_AGGRESSIVE;
				CLANG_WARN_UNREACHABLE_CODE = YES;
				CLANG_WARN__DUPLICATE_METHOD_MATCH = YES;
				COPY_PHASE_STRIP = NO;
				DEBUG_INFORMATION_FORMAT = "dwarf-with-dsym";
				ENABLE_NS_ASSERTIONS = NO;
				ENABLE_STRICT_OBJC_MSGSEND = YES;
				GCC_C_LANGUAGE_STANDARD = gnu11;
				GCC_NO_COMMON_BLOCKS = YES;
				GCC_WARN_64_TO_32_BIT_CONVERSION = YES;
				GCC_WARN_ABOUT_RETURN_TYPE = YES_ERROR;
				GCC_WARN_UNDECLARED_SELECTOR = YES;
				GCC_WARN_UNINITIALIZED_AUTOS = YES_AGGRESSIVE;
				GCC_WARN_UNUSED_FUNCTION = YES;
				GCC_WARN_UNUSED_VARIABLE = YES;
				IPHONEOS_DEPLOYMENT_TARGET = 15.5;
				MTL_ENABLE_DEBUG_INFO = NO;
				MTL_FAST_MATH = YES;
				SDKROOT = iphoneos;
				SWIFT_COMPILATION_MODE = wholemodule;
				SWIFT_OPTIMIZATION_LEVEL = "-O";
				VALIDATE_PRODUCT = YES;
			};
			name = Release;
		};
		5941BF71287A939A006643B1 /* Debug */ = {
			isa = XCBuildConfiguration;
			buildSettings = {
				ASSETCATALOG_COMPILER_APPICON_NAME = AppIcon;
				ASSETCATALOG_COMPILER_GLOBAL_ACCENT_COLOR_NAME = AccentColor;
				CODE_SIGN_STYLE = Automatic;
				CURRENT_PROJECT_VERSION = 1;
				DEVELOPMENT_ASSET_PATHS = "\"Code History 101/Preview Content\"";
				DEVELOPMENT_TEAM = 47XVC982XF;
				ENABLE_PREVIEWS = YES;
				GENERATE_INFOPLIST_FILE = YES;
				INFOPLIST_KEY_UIApplicationSceneManifest_Generation = YES;
				INFOPLIST_KEY_UIApplicationSupportsIndirectInputEvents = YES;
				INFOPLIST_KEY_UILaunchScreen_Generation = YES;
				INFOPLIST_KEY_UISupportedInterfaceOrientations_iPad = "UIInterfaceOrientationPortrait UIInterfaceOrientationPortraitUpsideDown UIInterfaceOrientationLandscapeLeft UIInterfaceOrientationLandscapeRight";
				INFOPLIST_KEY_UISupportedInterfaceOrientations_iPhone = "UIInterfaceOrientationPortrait UIInterfaceOrientationLandscapeLeft UIInterfaceOrientationLandscapeRight";
				LD_RUNPATH_SEARCH_PATHS = (
					"$(inherited)",
					"@executable_path/Frameworks",
				);
				MARKETING_VERSION = 1.0;
				PRODUCT_BUNDLE_IDENTIFIER = "com.sirpriam.Code-History-101";
				PRODUCT_NAME = "$(TARGET_NAME)";
				SWIFT_EMIT_LOC_STRINGS = YES;
				SWIFT_VERSION = 5.0;
				TARGETED_DEVICE_FAMILY = "1,2";
			};
			name = Debug;
		};
		5941BF72287A939A006643B1 /* Release */ = {
			isa = XCBuildConfiguration;
			buildSettings = {
				ASSETCATALOG_COMPILER_APPICON_NAME = AppIcon;
				ASSETCATALOG_COMPILER_GLOBAL_ACCENT_COLOR_NAME = AccentColor;
				CODE_SIGN_STYLE = Automatic;
				CURRENT_PROJECT_VERSION = 1;
				DEVELOPMENT_ASSET_PATHS = "\"Code History 101/Preview Content\"";
				DEVELOPMENT_TEAM = 47XVC982XF;
				ENABLE_PREVIEWS = YES;
				GENERATE_INFOPLIST_FILE = YES;
				INFOPLIST_KEY_UIApplicationSceneManifest_Generation = YES;
				INFOPLIST_KEY_UIApplicationSupportsIndirectInputEvents = YES;
				INFOPLIST_KEY_UILaunchScreen_Generation = YES;
				INFOPLIST_KEY_UISupportedInterfaceOrientations_iPad = "UIInterfaceOrientationPortrait UIInterfaceOrientationPortraitUpsideDown UIInterfaceOrientationLandscapeLeft UIInterfaceOrientationLandscapeRight";
				INFOPLIST_KEY_UISupportedInterfaceOrientations_iPhone = "UIInterfaceOrientationPortrait UIInterfaceOrientationLandscapeLeft UIInterfaceOrientationLandscapeRight";
				LD_RUNPATH_SEARCH_PATHS = (
					"$(inherited)",
					"@executable_path/Frameworks",
				);
				MARKETING_VERSION = 1.0;
				PRODUCT_BUNDLE_IDENTIFIER = "com.sirpriam.Code-History-101";
				PRODUCT_NAME = "$(TARGET_NAME)";
				SWIFT_EMIT_LOC_STRINGS = YES;
				SWIFT_VERSION = 5.0;
				TARGETED_DEVICE_FAMILY = "1,2";
			};
			name = Release;
		};
/* End XCBuildConfiguration section */

/* Begin XCConfigurationList section */
		5941BF5D287A9397006643B1 /* Build configuration list for PBXProject "Code History 101" */ = {
			isa = XCConfigurationList;
			buildConfigurations = (
				5941BF6E287A939A006643B1 /* Debug */,
				5941BF6F287A939A006643B1 /* Release */,
			);
			defaultConfigurationIsVisible = 0;
			defaultConfigurationName = Release;
		};
		5941BF70287A939A006643B1 /* Build configuration list for PBXNativeTarget "Code History 101" */ = {
			isa = XCConfigurationList;
			buildConfigurations = (
				5941BF71287A939A006643B1 /* Debug */,
				5941BF72287A939A006643B1 /* Release */,
			);
			defaultConfigurationIsVisible = 0;
			defaultConfigurationName = Release;
		};
/* End XCConfigurationList section */
	};
	rootObject = 5941BF5A287A9397006643B1 /* Project object */;
}
